{
  "name": "vim_finesse",
  "lockfileVersion": 3,
  "requires": true,
  "packages": {
    "": {
      "dependencies": {
        "vim-wasm": "^0.0.13"
      }
    },
    "node_modules/vim-wasm": {
      "version": "0.0.13",
      "resolved": "https://registry.npmjs.org/vim-wasm/-/vim-wasm-0.0.13.tgz",
      "integrity": "sha512-2EkJ4OfMgvA/bURJeu43wqIQ4tpCJymst++Y4R/AKuQlnrvdI4hTpG2jf0yL5TrLt1ui12leLRghrwPOybyu8w=="
    }
  }
}
